{
  "version": "4",
  "specifiers": {
    "npm:@types/node@*": "22.5.4"
  },
  "npm": {
    "@types/node@22.5.4": {
      "integrity": "sha512-FDuKUJQm/ju9fT/SeX/6+gBzoPzlVCzfzmGkwKvRHQVxi4BntVbyIwf6a4Xn62mrvndLiml6z/UBXIdEVjQLXg==",
      "dependencies": [
        "undici-types"
      ]
    },
    "undici-types@6.19.8": {
      "integrity": "sha512-ve2KP6f/JnbPBFyobGHuerC9g1FYGn/F8n1LWTwNxCEzd6IfqTwUQcNXgEtmmQ6DlRrC1hrSrBnCZPokRrDHjw=="
    }
  },
  "redirects": {
    "https://esm.sh/@supabase/node-fetch@^2.6.14?target=denonext": "https://esm.sh/@supabase/node-fetch@2.6.15?target=denonext",
    "https://esm.sh/@types/boolbase@~1.0.3/index.d.ts": "https://esm.sh/@types/boolbase@1.0.3/index.d.ts",
    "https://esm.sh/@types/cheerio@~0.22.35/index.d.ts": "https://esm.sh/@types/cheerio@0.22.35/index.d.ts",
    "https://esm.sh/@types/color-convert@~1.9.0/index.d.ts": "https://esm.sh/@types/color-convert@1.9.0/index.d.ts",
    "https://esm.sh/@types/color-name@~1.1.5/index.d.ts": "https://esm.sh/@types/color-name@1.1.5/index.d.ts",
    "https://esm.sh/@types/color-string@~1.5.5/index.d.ts": "https://esm.sh/@types/color-string@1.5.5/index.d.ts",
    "https://esm.sh/@types/color@~3.0.6/index.d.ts": "https://esm.sh/@types/color@3.0.6/index.d.ts",
    "https://esm.sh/@types/domelementtype@~1.3.0/index.d.ts": "https://esm.sh/@types/domelementtype@1.3.0/index.d.ts",
    "https://esm.sh/@types/domhandler@~2.4.5/index.d.ts": "https://esm.sh/@types/domhandler@2.4.5/index.d.ts",
    "https://esm.sh/@types/domutils@~1.7.8/index.d.ts": "https://esm.sh/@types/domutils@1.7.8/index.d.ts",
    "https://esm.sh/@types/entities@~1.1.1/index.d.ts": "https://esm.sh/@types/entities@1.1.1/index.d.ts",
    "https://esm.sh/@types/htmlparser2@~3.10.7/index.d.ts": "https://esm.sh/@types/htmlparser2@3.10.7/index.d.ts",
    "https://esm.sh/@types/lodash.assignin@~4.2.9/index.d.ts": "https://esm.sh/@types/lodash.assignin@4.2.9/index.d.ts",
    "https://esm.sh/@types/lodash.bind@~4.2.9/index.d.ts": "https://esm.sh/@types/lodash.bind@4.2.9/index.d.ts",
    "https://esm.sh/@types/lodash.defaults@~4.2.9/index.d.ts": "https://esm.sh/@types/lodash.defaults@4.2.9/index.d.ts",
    "https://esm.sh/@types/lodash.filter@~4.6.9/index.d.ts": "https://esm.sh/@types/lodash.filter@4.6.9/index.d.ts",
    "https://esm.sh/@types/lodash.flatten@~4.4.9/index.d.ts": "https://esm.sh/@types/lodash.flatten@4.4.9/index.d.ts",
    "https://esm.sh/@types/lodash.foreach@~4.5.9/index.d.ts": "https://esm.sh/@types/lodash.foreach@4.5.9/index.d.ts",
    "https://esm.sh/@types/lodash.map@~4.6.13/index.d.ts": "https://esm.sh/@types/lodash.map@4.6.13/index.d.ts",
    "https://esm.sh/@types/lodash.merge@~4.6.9/index.d.ts": "https://esm.sh/@types/lodash.merge@4.6.9/index.d.ts",
    "https://esm.sh/@types/lodash.pick@~4.4.9/index.d.ts": "https://esm.sh/@types/lodash.pick@4.4.9/index.d.ts",
    "https://esm.sh/@types/lodash.reduce@~4.6.9/index.d.ts": "https://esm.sh/@types/lodash.reduce@4.6.9/index.d.ts",
    "https://esm.sh/@types/lodash.reject@~4.6.9/index.d.ts": "https://esm.sh/@types/lodash.reject@4.6.9/index.d.ts",
    "https://esm.sh/@types/lodash.some@~4.6.9/index.d.ts": "https://esm.sh/@types/lodash.some@4.6.9/index.d.ts",
    "https://esm.sh/@types/pako@~1.0.7/index.d.ts": "https://esm.sh/@types/pako@1.0.7/index.d.ts",
    "https://esm.sh/@types/simple-swizzle@~0.2.2/index.d.ts": "https://esm.sh/@types/simple-swizzle@0.2.2/index.d.ts",
    "https://esm.sh/@types/util-deprecate@~1.0.4/index.d.ts": "https://esm.sh/@types/util-deprecate@1.0.4/index.d.ts",
    "https://esm.sh/@types/ws@~8.5.13/index.d.mts": "https://esm.sh/@types/ws@8.5.14/index.d.mts",
    "https://esm.sh/boolbase@~1.0.0?target=denonext": "https://esm.sh/boolbase@1.0.0?target=denonext",
    "https://esm.sh/bufferutil@^4.0.1?target=denonext": "https://esm.sh/bufferutil@4.0.9?target=denonext",
    "https://esm.sh/cfb@^0.12.1?target=denonext": "https://esm.sh/cfb@0.12.1?target=denonext",
    "https://esm.sh/cheerio@^0.22.0?target=denonext": "https://esm.sh/cheerio@0.22.0?target=denonext",
    "https://esm.sh/color-convert@^1.9.3?target=denonext": "https://esm.sh/color-convert@1.9.3?target=denonext",
    "https://esm.sh/color-name@^1.0.0?target=denonext": "https://esm.sh/color-name@1.1.4?target=denonext",
    "https://esm.sh/color-string@^1.6.0?target=denonext": "https://esm.sh/color-string@1.9.1?target=denonext",
    "https://esm.sh/color@^3.1.0?target=denonext": "https://esm.sh/color@3.2.1?target=denonext",
    "https://esm.sh/css-select@~1.2.0?target=denonext": "https://esm.sh/css-select@1.2.0?target=denonext",
    "https://esm.sh/css-what@2.1?target=denonext": "https://esm.sh/css-what@2.1.3?target=denonext",
    "https://esm.sh/dom-serializer@0?target=denonext": "https://esm.sh/dom-serializer@0.2.2?target=denonext",
    "https://esm.sh/dom-serializer@~0.1.0?target=denonext": "https://esm.sh/dom-serializer@0.1.1?target=denonext",
    "https://esm.sh/domelementtype@1?target=denonext": "https://esm.sh/domelementtype@1.3.1?target=denonext",
    "https://esm.sh/domelementtype@^1.3.0?target=denonext": "https://esm.sh/domelementtype@1.3.1?target=denonext",
    "https://esm.sh/domelementtype@^1.3.1?target=denonext": "https://esm.sh/domelementtype@1.3.1?target=denonext",
    "https://esm.sh/domelementtype@^2.0.1?target=denonext": "https://esm.sh/domelementtype@2.3.0?target=denonext",
    "https://esm.sh/domhandler@^2.3.0?target=denonext": "https://esm.sh/domhandler@2.4.2?target=denonext",
    "https://esm.sh/domutils@^1.5.1?target=denonext": "https://esm.sh/domutils@1.7.0?target=denonext",
    "https://esm.sh/entities@^1.1.1/lib/decode_codepoint?target=denonext": "https://esm.sh/entities@1.1.2/lib/decode_codepoint?target=denonext",
    "https://esm.sh/entities@^1.1.1/maps/entities.json?module": "https://esm.sh/entities@1.1.2/maps/entities.json?module",
    "https://esm.sh/entities@^1.1.1/maps/legacy.json?module": "https://esm.sh/entities@1.1.2/maps/legacy.json?module",
    "https://esm.sh/entities@^1.1.1/maps/xml.json?module": "https://esm.sh/entities@1.1.2/maps/xml.json?module",
    "https://esm.sh/entities@^1.1.1?target=denonext": "https://esm.sh/entities@1.1.2?target=denonext",
    "https://esm.sh/entities@^2.0.0?target=denonext": "https://esm.sh/entities@2.2.0?target=denonext",
    "https://esm.sh/htmlparser2@^3.9.1?target=denonext": "https://esm.sh/htmlparser2@3.10.1?target=denonext",
    "https://esm.sh/htmlparser2@^3.9.2?target=denonext": "https://esm.sh/htmlparser2@3.10.1?target=denonext",
    "https://esm.sh/is-arrayish@^0.3.1?target=denonext": "https://esm.sh/is-arrayish@0.3.2?target=denonext",
    "https://esm.sh/jszip@^2.6.0?target=denonext": "https://esm.sh/jszip@2.7.0?target=denonext",
    "https://esm.sh/lodash.assignin@^4.0.9?target=denonext": "https://esm.sh/lodash.assignin@4.2.0?target=denonext",
    "https://esm.sh/lodash.bind@^4.1.4?target=denonext": "https://esm.sh/lodash.bind@4.2.1?target=denonext",
    "https://esm.sh/lodash.defaults@^4.0.1?target=denonext": "https://esm.sh/lodash.defaults@4.2.0?target=denonext",
    "https://esm.sh/lodash.filter@^4.4.0?target=denonext": "https://esm.sh/lodash.filter@4.6.0?target=denonext",
    "https://esm.sh/lodash.flatten@^4.2.0?target=denonext": "https://esm.sh/lodash.flatten@4.4.0?target=denonext",
    "https://esm.sh/lodash.foreach@^4.3.0?target=denonext": "https://esm.sh/lodash.foreach@4.5.0?target=denonext",
    "https://esm.sh/lodash.map@^4.4.0?target=denonext": "https://esm.sh/lodash.map@4.6.0?target=denonext",
    "https://esm.sh/lodash.merge@^4.4.0?target=denonext": "https://esm.sh/lodash.merge@4.6.2?target=denonext",
    "https://esm.sh/lodash.pick@^4.2.1?target=denonext": "https://esm.sh/lodash.pick@4.4.0?target=denonext",
    "https://esm.sh/lodash.reduce@^4.4.0?target=denonext": "https://esm.sh/lodash.reduce@4.6.0?target=denonext",
    "https://esm.sh/lodash.reject@^4.4.0?target=denonext": "https://esm.sh/lodash.reject@4.6.0?target=denonext",
    "https://esm.sh/lodash.some@^4.4.0?target=denonext": "https://esm.sh/lodash.some@4.6.0?target=denonext",
    "https://esm.sh/node-gyp-build@^4.3.0?target=denonext": "https://esm.sh/node-gyp-build@4.8.4?target=denonext",
    "https://esm.sh/nth-check@~1.0.1?target=denonext": "https://esm.sh/nth-check@1.0.2?target=denonext",
    "https://esm.sh/pako@~1.0.2?target=denonext": "https://esm.sh/pako@1.0.11?target=denonext",
    "https://esm.sh/readable-stream@^3.1.1?target=denonext": "https://esm.sh/readable-stream@3.6.2?target=denonext",
    "https://esm.sh/safe-buffer@~5.2.0?target=denonext": "https://esm.sh/safe-buffer@5.2.1?target=denonext",
    "https://esm.sh/simple-swizzle@^0.2.2?target=denonext": "https://esm.sh/simple-swizzle@0.2.2?target=denonext",
    "https://esm.sh/string_decoder@^1.1.1?target=denonext": "https://esm.sh/string_decoder@1.3.0?target=denonext",
    "https://esm.sh/tr46@~0.0.3?target=denonext": "https://esm.sh/tr46@0.0.3?target=denonext",
    "https://esm.sh/utf-8-validate@%3E=5.0.2?target=denonext": "https://esm.sh/utf-8-validate@6.0.5?target=denonext",
    "https://esm.sh/util-deprecate@^1.0.1?target=denonext": "https://esm.sh/util-deprecate@1.0.2?target=denonext",
    "https://esm.sh/webidl-conversions@^3.0.0?target=denonext": "https://esm.sh/webidl-conversions@3.0.1?target=denonext",
    "https://esm.sh/whatwg-url@^5.0.0?target=denonext": "https://esm.sh/whatwg-url@5.0.0?target=denonext",
    "https://esm.sh/ws@^8.18.0?target=denonext": "https://esm.sh/ws@8.18.0?target=denonext"
  },
  "remote": {
    "https://esm.sh/@supabase/auth-js@2.67.3/denonext/auth-js.mjs": "95cad9d3f1829294d4f277191e4b937ca297a63054f14deccf3ac1dfcd9bd1ad",
    "https://esm.sh/@supabase/functions-js@2.4.4/denonext/functions-js.mjs": "7adeb257410ef3c4a8a1eb9b4ff416c0075d1c32860ca04913c8a9dace1de6a6",
    "https://esm.sh/@supabase/node-fetch@2.6.15/denonext/node-fetch.mjs": "0bae9052231f4f6dbccc7234d05ea96923dbf967be12f402764580b6bf9f713d",
    "https://esm.sh/@supabase/node-fetch@2.6.15?target=denonext": "4d28c4ad97328403184353f68434f2b6973971507919e9150297413664919cf3",
    "https://esm.sh/@supabase/postgrest-js@1.18.1/denonext/postgrest-js.mjs": "a67bfa3dc67f82d574539665c5122685e59708018397ca4f4cb261332b3363fa",
    "https://esm.sh/@supabase/realtime-js@2.11.2/denonext/realtime-js.mjs": "c33ac375b6be89c893f9df844d2525a4ace015a35aa6ba236270d00c6605c7ba",
    "https://esm.sh/@supabase/storage-js@2.7.1/denonext/storage-js.mjs": "73ac8cdc95cfcd794fe603dbd7ce06d539ab51538ae6467eabe0f9cc26c993aa",
    "https://esm.sh/@supabase/supabase-js@2.48.1": "b9a3a846ddbe85569795a9a2055336f1353c6eea2f5ca05bd6a6c14284dfe20a",
    "https://esm.sh/@supabase/supabase-js@2.48.1/denonext/supabase-js.mjs": "795eac029fa2c7a60930c2c5a840acf35f782142be3541c7e797d20daf2ea7d7",
    "https://esm.sh/boolbase@1.0.0/denonext/boolbase.mjs": "70e9521b9532b5e4dc0c807422529b15b4452663dbdb70dff9c7b65d0ff2e3cb",
    "https://esm.sh/boolbase@1.0.0?target=denonext": "5d10bc2e0fb13eedfc6859bffbeb5a6f08679797fa8740c7d821841c2e22945f",
    "https://esm.sh/bufferutil@4.0.9/denonext/bufferutil.mjs": "13dca4d5bb2c68cbe119f880fa3bd785b9a81a8e02e0834dae604b4b85295cd8",
    "https://esm.sh/bufferutil@4.0.9?target=denonext": "e32574569ab438facfcc3f412c659b0719bbf05477136ca176938c9a3ac45125",
    "https://esm.sh/cfb@0.12.1/denonext/cfb.mjs": "2a9961fb49e80d96016b8200ff4e5d30b1205732dda065c3c6d69e968ca938a3",
    "https://esm.sh/cfb@0.12.1?target=denonext": "e4e418422d6295a63994a00eb1dd236d5e1f8acf761818e9607d2b5b46c08bba",
    "https://esm.sh/cheerio@0.22.0/denonext/cheerio.mjs": "ab96fe18803531453f1817aece1c4b88f886c41bf9c31c123924eb32b05b3754",
    "https://esm.sh/cheerio@0.22.0?target=denonext": "eac222c5c00389c9e6a96f3f932271977b00543b489890c161e1071474f0a587",
    "https://esm.sh/color-convert@1.9.3/denonext/color-convert.mjs": "abb31e946697048e2c7ed3e6144167f2b8b2a714c1b2bb81917720e48ced39ed",
    "https://esm.sh/color-convert@1.9.3?target=denonext": "d6fa73862d8ebe162dc650e045522884de8ce4fc91556f0c556893dbb9e4bc6a",
    "https://esm.sh/color-name@1.1.3/denonext/color-name.mjs": "261521b1bb4f8e852013b51dd84fa5c6719f330cd97fc59e61695db74649fbea",
    "https://esm.sh/color-name@1.1.4/denonext/color-name.mjs": "3b5b10fc0cd9f96d56c81cc7559a2106ff64a401a8100cd33e1f4b68e677c562",
    "https://esm.sh/color-name@1.1.4?target=denonext": "55709266f414e5115ac52d6831ba4951f7c8b9ac663f0f79ddc8ed782b4fb735",
    "https://esm.sh/color-string@1.9.1/denonext/color-string.mjs": "46edab8cecd0440cff0a82ae330d9314ab6da3b6c67680018b9f916e3aa43749",
    "https://esm.sh/color-string@1.9.1?target=denonext": "f5b65597951151faf1076eac91abf7703687b71236368777b1765e26241837d7",
    "https://esm.sh/color@3.2.1/denonext/color.mjs": "97479df4d8dbdf7b53a934e6b7f0c6884c693eea9d0a5e77f992f356465218b7",
    "https://esm.sh/color@3.2.1?target=denonext": "f4f0f3242a9c7afa77683b70a3fa084893d40204221dfa83e406ef83e4257135",
    "https://esm.sh/css-select@1.2.0/denonext/css-select.mjs": "6a896fa833886262417b6547055686f175c8fb379778104d6070f4b3b2f14faa",
    "https://esm.sh/css-select@1.2.0?target=denonext": "99e521a3bf68091568fc6bd7a141660a320a263fdd58dee04a55a2f1c6964fe3",
    "https://esm.sh/css-what@2.1.3/denonext/css-what.mjs": "f906e30f28264610cfd57c17d7532df31ab6453a1b566c5ff824d692980a2b8c",
    "https://esm.sh/css-what@2.1.3?target=denonext": "253ceb322bc59a7b6cef724f73731473e05248c9bfdfaa3f34a6316165becd7b",
    "https://esm.sh/docx4js@3.3.0": "89ce5a90ea3aff64ea112f3c1a0bd95bd48f49e1b1292c3512abe57e7cc5c052",
    "https://esm.sh/docx4js@3.3.0/denonext/docx4js.mjs": "afe57c8a1c1d782cbeb5cda9c7d94afd15ec6719ebb0eb7a27b235669bfccb35",
    "https://esm.sh/dom-serializer@0.1.1/denonext/dom-serializer.mjs": "6191a773f4ec1646dba43b025361d1773346138ce54fcfd525630a94e7203110",
    "https://esm.sh/dom-serializer@0.1.1?target=denonext": "2374a088b25653aec79c596c8063404ccd9bab79eb278d44be9295e63e7e295d",
    "https://esm.sh/dom-serializer@0.2.2/denonext/dom-serializer.mjs": "0190308d6c59d5f3b2ca052af8cee0a76aea05f58744661acd4c1bf80a81c332",
    "https://esm.sh/dom-serializer@0.2.2?target=denonext": "717a61aa0db51dda5dcca3e331807c26de8a217db3945bf6e977f071cd4ced55",
    "https://esm.sh/domelementtype@1.3.1/denonext/domelementtype.mjs": "82109973f5c832a4e2dc4c6c149157ea09ffe3380f10c09d11ad870151d512d5",
    "https://esm.sh/domelementtype@1.3.1?target=denonext": "c8fa822335a49a05b2d49d5f68c417befabc09ab4487514a6213b40bf7e529b1",
    "https://esm.sh/domelementtype@2.3.0/denonext/domelementtype.mjs": "4f3b57348729cd517560139eb1969ca2fe9cc58c5188abe56e7336d5cb557cc0",
    "https://esm.sh/domelementtype@2.3.0?target=denonext": "2beb2a1e3d18892a9b00ef9528811b93f613a77d2b6fb25376ec0f109ac48a4f",
    "https://esm.sh/domhandler@2.4.2/denonext/domhandler.mjs": "c122a5807f0faac35f85e272e552928b2b6206efed912554dac4b1c78f038086",
    "https://esm.sh/domhandler@2.4.2?target=denonext": "84a36ad21dc16c297b10a8008deb4799d6411be637f77eca6ecf4d5989d68dca",
    "https://esm.sh/domutils@1.5.1/denonext/domutils.mjs": "9594102aec7ffc4f696ba69d6c98b541a5adc310b85e062d482151b9c72a26dc",
    "https://esm.sh/domutils@1.7.0/denonext/domutils.mjs": "43c3d1f031051bf5930b0d1f9f83f4704ed7c6dab9d507b46e7c986d4cd27cc7",
    "https://esm.sh/domutils@1.7.0?target=denonext": "5591e191120008205c94887bfb98014054b8fc12b1e0193824958ed7ce188473",
    "https://esm.sh/entities@1.1.2/denonext/entities.mjs": "cf6550567733cd5007121c4e982e672b76aa747a2ea3f9dfdabcbcec89103257",
    "https://esm.sh/entities@1.1.2/denonext/lib/decode_codepoint.mjs": "5f3e435c7c8549db2810806246a888f79739d3f5b4544ef84f2977d1bb8b2d6f",
    "https://esm.sh/entities@1.1.2/lib/decode_codepoint?target=denonext": "c32ed0cfb8937fd2cb730e5555434fb5b21d667b330a13936c9ee845c57e58fd",
    "https://esm.sh/entities@1.1.2/maps/entities.json?module": "6ac2772c5692c3dde1f774242df494d59ed88315a778e64a8e38560174535926",
    "https://esm.sh/entities@1.1.2/maps/legacy.json?module": "bcddd44678cf742d762fbc45aabdd20846a3772609704cdbe497cdb01f6502f6",
    "https://esm.sh/entities@1.1.2/maps/xml.json?module": "937ec2a06ad2beaeb20b3ca285dcb2775fc4db34a119354ef24dd0bc02399beb",
    "https://esm.sh/entities@1.1.2?target=denonext": "e7f2e4a31d9c620b773c4f3b9b0dfc59f78180790c70406a137c91f123fc41d4",
    "https://esm.sh/entities@2.2.0/denonext/entities.mjs": "8b32ea0028048845fab8d5f38d842f94cc6cde9a7c119a1c31a91a1d28df68ef",
    "https://esm.sh/entities@2.2.0?target=denonext": "1c51d3da06cb39e0cf1075ea38b83b28ca1c9c1429d41a51c52f9693df8810ef",
    "https://esm.sh/htmlparser2@3.10.1/denonext/htmlparser2.mjs": "012242d2887a94f1493158a7eebd2704b3d3d6dfcf434736ee74132de5e46f1d",
    "https://esm.sh/htmlparser2@3.10.1?target=denonext": "d9c4a8ca59eb2d0b50e297a7f476c16ff879d735d4510333107d54999ad92f30",
    "https://esm.sh/is-arrayish@0.3.2/denonext/is-arrayish.mjs": "89e8f85c8f60717edc68bea3a914acea741dc345616d8ed10c2bbed1f0bf6b22",
    "https://esm.sh/is-arrayish@0.3.2?target=denonext": "aa940bd629bed4a1bc2f9158cfea1c09b9c9abe9fc7406e90c785a7d694e18e7",
    "https://esm.sh/jszip@2.7.0/denonext/jszip.mjs": "14fca36a3c4ff361e34114651b529a05a7b8863ce4066a9a1a8faeb9f944d99c",
    "https://esm.sh/jszip@2.7.0?target=denonext": "e5baf53e47e63a1d6fb82ae6f64ceda127fd80a674a1758f0cea5b8720731e7e",
    "https://esm.sh/lodash.assignin@4.2.0/denonext/lodash.assignin.mjs": "a3f52bb8c66b0f11d11e5344a80ccb2ab20c08185a432dcbeab144391c0d9ffd",
    "https://esm.sh/lodash.assignin@4.2.0?target=denonext": "58cfa93a7ea4c91363909b50e894f4266377de5e4fa424bd9c8b49374d3c90a6",
    "https://esm.sh/lodash.bind@4.2.1/denonext/lodash.bind.mjs": "ec877ea7f9062cad56a0542d31152193ba8bfb910b1b50dd3214be9a53dac2e9",
    "https://esm.sh/lodash.bind@4.2.1?target=denonext": "b16214d79eb44a86388244370089688c4637afe1bd597854eead3d5c4ee362b7",
    "https://esm.sh/lodash.defaults@4.2.0/denonext/lodash.defaults.mjs": "66c6ad8e5e98785a8172fce463a3e4ae81425b2b4ac3838d106b58a4505821a1",
    "https://esm.sh/lodash.defaults@4.2.0?target=denonext": "416ab191d4bb64055d8c786d23557a7c8d5f9ae53cb56e355bd6abcc8800705a",
    "https://esm.sh/lodash.filter@4.6.0/denonext/lodash.filter.mjs": "818448b557644c0b793c5fc0e328fbe99e9aec07b7c4f383d9b1a9be5b097e11",
    "https://esm.sh/lodash.filter@4.6.0?target=denonext": "7e522903d202ef351fa12a449d2160e4388b4f276d3785dfb97fbb344799b271",
    "https://esm.sh/lodash.flatten@4.4.0/denonext/lodash.flatten.mjs": "cd0350451ab3d00cda5f5bacfb6f1b2c9ea8a4b2769c9e5c9189bbc49b660b69",
    "https://esm.sh/lodash.flatten@4.4.0?target=denonext": "541a211a9541640b4eed89b77ba4a087ec2f4e19f1f3b78438a63f9f0d62ccb6",
    "https://esm.sh/lodash.foreach@4.5.0/denonext/lodash.foreach.mjs": "7421534395b6e83fe9f4a8e197cf79aa80a0f3626e9672d9b2654557f9f17daf",
    "https://esm.sh/lodash.foreach@4.5.0?target=denonext": "20eec05207d5b5ef918c80618bd2e0f9837224daebd663e27256c6f2f74ba713",
    "https://esm.sh/lodash.map@4.6.0/denonext/lodash.map.mjs": "bc6be182ac81c7e76c5b0594092e7dadab0e161c3c6e56c2e3b742031440a0b1",
    "https://esm.sh/lodash.map@4.6.0?target=denonext": "eaa02f4c1467c8a37922182676ab625592b60a29417dd8d4cb299d9f0361bc05",
    "https://esm.sh/lodash.merge@4.6.2/denonext/lodash.merge.mjs": "e74c15a0b548d2caf4941b7db00b8a66cdf661c53ff0837387146817e997bc05",
    "https://esm.sh/lodash.merge@4.6.2?target=denonext": "aeeab8fcec852e4852d24be0334e352a0b144d85ae220ff715f19e7d2950360e",
    "https://esm.sh/lodash.pick@4.4.0/denonext/lodash.pick.mjs": "dbbfa48fa9d2878e5de88eba64216bcc819e7fd6af121f284a16fc94b13f2b99",
    "https://esm.sh/lodash.pick@4.4.0?target=denonext": "8865ae0d2265603c2104c8b3bbb81bafb4044682fa41fc09b93b3b5b0a72643e",
    "https://esm.sh/lodash.reduce@4.6.0/denonext/lodash.reduce.mjs": "bb78fe5a4a08fec5c49a4604d0169ab7374a6e67d8faa9aa531763f14c287aaa",
    "https://esm.sh/lodash.reduce@4.6.0?target=denonext": "60e188103d7992188887e92d2414f914a5b2c0efd70fa4a996f74063fa903eb7",
    "https://esm.sh/lodash.reject@4.6.0/denonext/lodash.reject.mjs": "ef698e12eae71c67f639e258acb6e9780665f80e3da7392baf3fccdd55775fed",
    "https://esm.sh/lodash.reject@4.6.0?target=denonext": "0a691d4c755a8cb96a489f347e0065c89c613834ef0d02fd4cc7e5a306321455",
    "https://esm.sh/lodash.some@4.6.0/denonext/lodash.some.mjs": "20d62ad6caf06495467a9541f4b22d2e78a094127df56b74e8dfe2b77032d838",
    "https://esm.sh/lodash.some@4.6.0?target=denonext": "426d7241be2e6b992e94848bf2d70c8bb3a91bdf2a7000b9baa875dacad1f5a7",
    "https://esm.sh/node-gyp-build@4.8.4/denonext/node-gyp-build.mjs": "9a86f2d044fc77bd60aaa3d697c2ba1b818da5fb1b9aaeedec59a40b8e908803",
    "https://esm.sh/node-gyp-build@4.8.4?target=denonext": "261a6cedf1fdbf159798141ba1e2311ac1510682c5c8b55dacc8cf5fdee4aa06",
    "https://esm.sh/nth-check@1.0.2/denonext/nth-check.mjs": "f362bb6b2ff1a6ed0f740a1a590409cdb4fe04f0fe928c8a2e38182cc02daf5c",
    "https://esm.sh/nth-check@1.0.2?target=denonext": "09de9c5c13f05713fcf99b89b0232692de8841c6e8ad861d1ec1146d81f026db",
    "https://esm.sh/pako@1.0.11/denonext/pako.mjs": "c74e4cf6d33272fd034f6b17390a1bf1122d8bb28f861b6e82d9a1536b3f3105",
    "https://esm.sh/pako@1.0.11?target=denonext": "bc43f66ed245d58d468bf9867b3e9080c5b0590b4c14038ea308954490e0b2ea",
    "https://esm.sh/readable-stream@3.6.2/denonext/readable-stream.mjs": "8cd91b4ff7e83eb90027c987c174c5c50de8d4fea70a0e0bd98d4bb441d09d50",
    "https://esm.sh/readable-stream@3.6.2?target=denonext": "7a58c78a0d124794eae8c904e39aa1081791942ea506b9b932c69a74faa30a97",
    "https://esm.sh/safe-buffer@5.2.1/denonext/safe-buffer.mjs": "51b088d69d0bbf6d7ce4179853887e105715df40e432a3bff0e9575cc2285276",
    "https://esm.sh/safe-buffer@5.2.1?target=denonext": "34028b9647c849fa96dfd3d9f217a3adca8b43b13409820ac3f43fb15eba3e20",
    "https://esm.sh/simple-swizzle@0.2.2/denonext/simple-swizzle.mjs": "14521d40314cff0bd3b5b89f62c16eb51828ee3872cae3f3cc57478573f4002c",
    "https://esm.sh/simple-swizzle@0.2.2?target=denonext": "d55422e39d6f894d6ce044df75163cf89f6c75a9ec147694067aadd1646556b5",
    "https://esm.sh/string_decoder@1.3.0/denonext/string_decoder.mjs": "85101acf5061e49887913bdea19e62937550fb644532540e55019acd88d2189a",
    "https://esm.sh/string_decoder@1.3.0?target=denonext": "0442e3edb67b63113ed964b3754d5a3170898a23a86e2d05c23432c346a0391e",
    "https://esm.sh/tr46@0.0.3/denonext/tr46.mjs": "5753ec0a99414f4055f0c1f97691100f13d88e48a8443b00aebb90a512785fa2",
    "https://esm.sh/tr46@0.0.3?target=denonext": "19cb9be0f0d418a0c3abb81f2df31f080e9540a04e43b0f699bce1149cba0cbb",
    "https://esm.sh/utf-8-validate@6.0.5/denonext/utf-8-validate.mjs": "66b8ea532a0c745068f5b96ddb1bae332c3036703243541d2e89e66331974d98",
    "https://esm.sh/utf-8-validate@6.0.5?target=denonext": "071bc33ba1a58297e23a34d69dd589fd06df04b0f373b382ff5da544a623f271",
    "https://esm.sh/util-deprecate@1.0.2/denonext/util-deprecate.mjs": "083639894972cb68837eef26346c43bdd01357977149e0a4493f76192a4008b8",
    "https://esm.sh/util-deprecate@1.0.2?target=denonext": "859f4df8ba771a4c33143185d3db6a7edb824fab1ed4f9a4b96ac0e6bc3ef1a4",
    "https://esm.sh/webidl-conversions@3.0.1/denonext/webidl-conversions.mjs": "54b5c2d50a294853c4ccebf9d5ed8988c94f4e24e463d84ec859a866ea5fafec",
    "https://esm.sh/webidl-conversions@3.0.1?target=denonext": "4e20318d50528084616c79d7b3f6e7f0fe7b6d09013bd01b3974d7448d767e29",
    "https://esm.sh/whatwg-url@5.0.0/denonext/whatwg-url.mjs": "29b16d74ee72624c915745bbd25b617cfd2248c6af0f5120d131e232a9a9af79",
    "https://esm.sh/whatwg-url@5.0.0?target=denonext": "f001a2cadf81312d214ca330033f474e74d81a003e21e8c5d70a1f46dc97b02d",
    "https://esm.sh/ws@8.18.0/denonext/ws.mjs": "8dc628278869d8802a2740beaa6f122b2e159d05d85746cdd647a3d3ffdd3e19",
    "https://esm.sh/ws@8.18.0?target=denonext": "6c20bf923e7287b70e706eb731195e073f7693a9c89d050aceb7cc51804865d4"
  }
}
